# This file is generated by running "yarn install" inside your project.
# Manual changes might be lost - proceed with caution!

__metadata:
  version: 6
  cacheKey: 8

"@types/big.js@npm:^6.1.6":
  version: 6.1.6
  resolution: "@types/big.js@npm:6.1.6"
  checksum: 290936fc4e9ebd9883ead8e8278126f43783b3e57bf7736b12ce6d922c62515a83b8c62cd3ef557a043508109d403cb0bd89c7556b221c2c1057fd3a1d03e683
  languageName: node
  linkType: hard

"@types/node@npm:^18.11.18":
  version: 18.11.18
  resolution: "@types/node@npm:18.11.18"
  checksum: 03f17f9480f8d775c8a72da5ea7e9383db5f6d85aa5fefde90dd953a1449bd5e4ffde376f139da4f3744b4c83942166d2a7603969a6f8ea826edfb16e6e3b49d
  languageName: node
  linkType: hard

"bignumber.js@npm:^9.1.1":
  version: 9.1.1
  resolution: "bignumber.js@npm:9.1.1"
  checksum: ad243b7e2f9120b112d670bb3d674128f0bd2ca1745b0a6c9df0433bd2c0252c43e6315d944c2ac07b4c639e7496b425e46842773cf89c6a2dcd4f31e5c4b11e
  languageName: node
  linkType: hard

"ini@npm:^3.0.1":
  version: 3.0.1
  resolution: "ini@npm:3.0.1"
  checksum: 947b582a822f06df3c22c75c90aec217d604ea11f7a20249530ee5c1cf8f508288439abe17b0e1d9b421bda5f4fae5e7aae0b18cb3ded5ac9d68f607df82f10f
  languageName: node
  linkType: hard

"lodash@npm:^4.17.21":
  version: 4.17.21
  resolution: "lodash@npm:4.17.21"
  checksum: eb835a2e51d381e561e508ce932ea50a8e5a68f4ebdd771ea240d3048244a8d13658acbd502cd4829768c56f2e16bdd4340b9ea141297d472517b83868e677f7
  languageName: node
  linkType: hard

"typescript@npm:^4.9.5":
  version: 4.9.5
  resolution: "typescript@npm:4.9.5"
  bin:
    tsc: bin/tsc
    tsserver: bin/tsserver
  checksum: ee000bc26848147ad423b581bd250075662a354d84f0e06eb76d3b892328d8d4440b7487b5a83e851b12b255f55d71835b008a66cbf8f255a11e4400159237db
  languageName: node
  linkType: hard

"typescript@patch:typescript@^4.9.5#~builtin<compat/typescript>":
  version: 4.9.5
  resolution: "typescript@patch:typescript@npm%3A4.9.5#~builtin<compat/typescript>::version=4.9.5&hash=ad5954"
  bin:
    tsc: bin/tsc
    tsserver: bin/tsserver
  checksum: 8f6260acc86b56bfdda6004bc53f32ea548f543e8baef7071c8e34d29d292f3e375c8416556c8de10b24deef6933cd1c16a8233dc84a3dd43a13a13265d0faab
  languageName: node
  linkType: hard

"ulid@npm:^2.3.0":
  version: 2.3.0
  resolution: "ulid@npm:2.3.0"
  bin:
    ulid: ./bin/cli.js
  checksum: d6dbf253fdc189f60fe2829d934ee5447b3dab62d05449a2e0fe89670d77087dd6eba4f844a69f9ffdb01384ec6fd97bdd9be638fc67d593569a45e8969f1e69
  languageName: node
  linkType: hard

"video-concat@workspace:.":
  version: 0.0.0-use.local
  resolution: "video-concat@workspace:."
  dependencies:
    "@types/big.js": ^6.1.6
    "@types/node": ^18.11.18
    bignumber.js: ^9.1.1
    ini: ^3.0.1
    lodash: ^4.17.21
    typescript: ^4.9.5
    ulid: ^2.3.0
  languageName: unknown
  linkType: soft
